
Microsoft Visual Studio Solution File, Format Version 12.00
# Visual Studio Version 16
VisualStudioVersion = 16.0.31729.503
MinimumVisualStudioVersion = 10.0.40219.1
Project("{FAE04EC0-301F-11D3-BF4B-00C04F79EFBC}") = "OM_Integration", "OM_Integration.csproj", "{58F089AA-F0F1-4548-BCBA-182D97EF4782}"
EndProject
Global
	GlobalSection(SolutionConfigurationPlatforms) = preSolution
		Debug|Any CPU = Debug|Any CPU
		Release|Any CPU = Release|Any CPU
	EndGlobalSection
	GlobalSection(ProjectConfigurationPlatforms) = postSolution
		{58F089AA-F0F1-4548-BCBA-182D97EF4782}.Debug|Any CPU.ActiveCfg = Debug|Any CPU
		{58F089AA-F0F1-4548-BCBA-182D97EF4782}.Debug|Any CPU.Build.0 = Debug|Any CPU
		{58F089AA-F0F1-4548-BCBA-182D97EF4782}.Release|Any CPU.ActiveCfg = Release|Any CPU
		{58F089AA-F0F1-4548-BCBA-182D97EF4782}.Release|Any CPU.Build.0 = Release|Any CPU
	EndGlobalSection
	GlobalSection(SolutionProperties) = preSolution
		HideSolutionNode = FALSE
	EndGlobalSection
	GlobalSection(ExtensibilityGlobals) = postSolution
		SolutionGuid = {65F27AB5-4C3D-4DAC-9E97-5A5760255538}
	EndGlobalSection
EndGlobal
